
Microsoft Visual Studio Solution File, Format Version 11.00
# Visual Studio 2010
Project("{FAE04EC0-301F-11D3-BF4B-00C04F79EFBC}") = "Assembly-CSharp", "Assembly-CSharp.csproj", "{bbb8c4e1-44d4-df32-1edd-6ef478b38e43}"
EndProject
Project("{FAE04EC0-301F-11D3-BF4B-00C04F79EFBC}") = "Assembly-CSharp-Editor", "Assembly-CSharp-Editor.csproj", "{4a65ee62-cfe5-f922-0bc4-47df9366d32c}"
EndProject
Global
	GlobalSection(SolutionConfigurationPlatforms) = preSolution
		Debug|Any CPU = Debug|Any CPU
	EndGlobalSection
	GlobalSection(ProjectConfigurationPlatforms) = postSolution
		{bbb8c4e1-44d4-df32-1edd-6ef478b38e43}.Debug|Any CPU.ActiveCfg = Debug|Any CPU
		{bbb8c4e1-44d4-df32-1edd-6ef478b38e43}.Debug|Any CPU.Build.0 = Debug|Any CPU
		{4a65ee62-cfe5-f922-0bc4-47df9366d32c}.Debug|Any CPU.ActiveCfg = Debug|Any CPU
		{4a65ee62-cfe5-f922-0bc4-47df9366d32c}.Debug|Any CPU.Build.0 = Debug|Any CPU
	EndGlobalSection
	GlobalSection(SolutionProperties) = preSolution
		HideSolutionNode = FALSE
	EndGlobalSection
EndGlobal
